
Microsoft Visual Studio Solution File, Format Version 12.00
# Visual Studio Version 17
VisualStudioVersion = 17.10.35013.160
MinimumVisualStudioVersion = 10.0.40219.1
Project("{8BC9CEB8-8B4A-11D0-8D11-00A0C91BC942}") = "Ejer1", "ATS\ATS.vcxproj", "{DE2B20D3-09FD-4A15-85C1-A41FADC49D26}"
EndProject
Project("{8BC9CEB8-8B4A-11D0-8D11-00A0C91BC942}") = "Ejer2", "ejer2\ejer2.vcxproj", "{0FFAB21A-3CBC-4CF1-8631-95111072A377}"
EndProject
Project("{8BC9CEB8-8B4A-11D0-8D11-00A0C91BC942}") = "Ejer3", "Ejer3\Ejer3.vcxproj", "{B0467B8D-CA4D-4D7F-9F88-B37B8C3A1D6F}"
EndProject
Project("{8BC9CEB8-8B4A-11D0-8D11-00A0C91BC942}") = "Ejer4", "Ejer4\Ejer4.vcxproj", "{A45F73CB-B30F-459A-AE54-863753FBFB73}"
EndProject
Project("{8BC9CEB8-8B4A-11D0-8D11-00A0C91BC942}") = "Ejer5", "Ejer5\Ejer5.vcxproj", "{7D0E00E1-F8D2-4EB9-A213-057AAE8A55E4}"
EndProject
Project("{8BC9CEB8-8B4A-11D0-8D11-00A0C91BC942}") = "Ejer6", "Ejer6\Ejer6.vcxproj", "{647AE265-B3C0-4E01-9E74-4C6297E0CF3F}"
EndProject
Project("{8BC9CEB8-8B4A-11D0-8D11-00A0C91BC942}") = "Ejer7", "Ejer7\Ejer7.vcxproj", "{FCA39768-9EB1-48B7-8DF4-DB2A4DEE5476}"
EndProject
Project("{8BC9CEB8-8B4A-11D0-8D11-00A0C91BC942}") = "Ejer8", "Ejer8\Ejer8.vcxproj", "{F5A0C21D-283E-4079-95BD-8138703C6963}"
EndProject
Project("{8BC9CEB8-8B4A-11D0-8D11-00A0C91BC942}") = "Ejer9", "Ejer9\Ejer9.vcxproj", "{5457CB7E-2833-49A2-A09B-60E58D73C02B}"
EndProject
Project("{8BC9CEB8-8B4A-11D0-8D11-00A0C91BC942}") = "Ejer10", "Ejer10\Ejer10.vcxproj", "{F4027748-A635-41A1-BA63-4886925A7A90}"
EndProject
Project("{8BC9CEB8-8B4A-11D0-8D11-00A0C91BC942}") = "Ejer11", "Ejer11\Ejer11.vcxproj", "{821D9039-6AAF-4865-AE68-9365577A6D90}"
EndProject
Project("{8BC9CEB8-8B4A-11D0-8D11-00A0C91BC942}") = "Ejer12", "Ejer12\Ejer12.vcxproj", "{00667D75-529F-4888-A6E2-4F8B1B77F9D2}"
EndProject
Project("{8BC9CEB8-8B4A-11D0-8D11-00A0C91BC942}") = "Ejer13", "Ejer13\Ejer13.vcxproj", "{06539A58-8DCC-49AF-86B6-98B2045FF644}"
EndProject
Project("{8BC9CEB8-8B4A-11D0-8D11-00A0C91BC942}") = "Ejer14", "Ejer14\Ejer14.vcxproj", "{61C91E31-7A91-4074-9516-8C1985D79097}"
EndProject
Project("{8BC9CEB8-8B4A-11D0-8D11-00A0C91BC942}") = "Ejer15", "Ejer15\Ejer15.vcxproj", "{3BF46C1D-F6C5-4CD7-BD83-D79055C0CB96}"
EndProject
Project("{8BC9CEB8-8B4A-11D0-8D11-00A0C91BC942}") = "Ejer16", "Ejer16\Ejer16.vcxproj", "{92696E1C-07E5-4C3E-9B82-9DC728629971}"
EndProject
Project("{8BC9CEB8-8B4A-11D0-8D11-00A0C91BC942}") = "Ejer17", "Ejer17\Ejer17.vcxproj", "{36DFAD6A-75B2-4089-A25E-D4C2ACFCEEEC}"
EndProject
Global
	GlobalSection(SolutionConfigurationPlatforms) = preSolution
		Debug|x64 = Debug|x64
		Debug|x86 = Debug|x86
		Release|x64 = Release|x64
		Release|x86 = Release|x86
	EndGlobalSection
	GlobalSection(ProjectConfigurationPlatforms) = postSolution
		{DE2B20D3-09FD-4A15-85C1-A41FADC49D26}.Debug|x64.ActiveCfg = Debug|x64
		{DE2B20D3-09FD-4A15-85C1-A41FADC49D26}.Debug|x64.Build.0 = Debug|x64
		{DE2B20D3-09FD-4A15-85C1-A41FADC49D26}.Debug|x86.ActiveCfg = Debug|Win32
		{DE2B20D3-09FD-4A15-85C1-A41FADC49D26}.Debug|x86.Build.0 = Debug|Win32
		{DE2B20D3-09FD-4A15-85C1-A41FADC49D26}.Release|x64.ActiveCfg = Release|x64
		{DE2B20D3-09FD-4A15-85C1-A41FADC49D26}.Release|x64.Build.0 = Release|x64
		{DE2B20D3-09FD-4A15-85C1-A41FADC49D26}.Release|x86.ActiveCfg = Release|Win32
		{DE2B20D3-09FD-4A15-85C1-A41FADC49D26}.Release|x86.Build.0 = Release|Win32
		{0FFAB21A-3CBC-4CF1-8631-95111072A377}.Debug|x64.ActiveCfg = Debug|x64
		{0FFAB21A-3CBC-4CF1-8631-95111072A377}.Debug|x64.Build.0 = Debug|x64
		{0FFAB21A-3CBC-4CF1-8631-95111072A377}.Debug|x86.ActiveCfg = Debug|Win32
		{0FFAB21A-3CBC-4CF1-8631-95111072A377}.Debug|x86.Build.0 = Debug|Win32
		{0FFAB21A-3CBC-4CF1-8631-95111072A377}.Release|x64.ActiveCfg = Release|x64
		{0FFAB21A-3CBC-4CF1-8631-95111072A377}.Release|x64.Build.0 = Release|x64
		{0FFAB21A-3CBC-4CF1-8631-95111072A377}.Release|x86.ActiveCfg = Release|Win32
		{0FFAB21A-3CBC-4CF1-8631-95111072A377}.Release|x86.Build.0 = Release|Win32
		{B0467B8D-CA4D-4D7F-9F88-B37B8C3A1D6F}.Debug|x64.ActiveCfg = Debug|x64
		{B0467B8D-CA4D-4D7F-9F88-B37B8C3A1D6F}.Debug|x64.Build.0 = Debug|x64
		{B0467B8D-CA4D-4D7F-9F88-B37B8C3A1D6F}.Debug|x86.ActiveCfg = Debug|Win32
		{B0467B8D-CA4D-4D7F-9F88-B37B8C3A1D6F}.Debug|x86.Build.0 = Debug|Win32
		{B0467B8D-CA4D-4D7F-9F88-B37B8C3A1D6F}.Release|x64.ActiveCfg = Release|x64
		{B0467B8D-CA4D-4D7F-9F88-B37B8C3A1D6F}.Release|x64.Build.0 = Release|x64
		{B0467B8D-CA4D-4D7F-9F88-B37B8C3A1D6F}.Release|x86.ActiveCfg = Release|Win32
		{B0467B8D-CA4D-4D7F-9F88-B37B8C3A1D6F}.Release|x86.Build.0 = Release|Win32
		{A45F73CB-B30F-459A-AE54-863753FBFB73}.Debug|x64.ActiveCfg = Debug|x64
		{A45F73CB-B30F-459A-AE54-863753FBFB73}.Debug|x64.Build.0 = Debug|x64
		{A45F73CB-B30F-459A-AE54-863753FBFB73}.Debug|x86.ActiveCfg = Debug|Win32
		{A45F73CB-B30F-459A-AE54-863753FBFB73}.Debug|x86.Build.0 = Debug|Win32
		{A45F73CB-B30F-459A-AE54-863753FBFB73}.Release|x64.ActiveCfg = Release|x64
		{A45F73CB-B30F-459A-AE54-863753FBFB73}.Release|x64.Build.0 = Release|x64
		{A45F73CB-B30F-459A-AE54-863753FBFB73}.Release|x86.ActiveCfg = Release|Win32
		{A45F73CB-B30F-459A-AE54-863753FBFB73}.Release|x86.Build.0 = Release|Win32
		{7D0E00E1-F8D2-4EB9-A213-057AAE8A55E4}.Debug|x64.ActiveCfg = Debug|x64
		{7D0E00E1-F8D2-4EB9-A213-057AAE8A55E4}.Debug|x64.Build.0 = Debug|x64
		{7D0E00E1-F8D2-4EB9-A213-057AAE8A55E4}.Debug|x86.ActiveCfg = Debug|Win32
		{7D0E00E1-F8D2-4EB9-A213-057AAE8A55E4}.Debug|x86.Build.0 = Debug|Win32
		{7D0E00E1-F8D2-4EB9-A213-057AAE8A55E4}.Release|x64.ActiveCfg = Release|x64
		{7D0E00E1-F8D2-4EB9-A213-057AAE8A55E4}.Release|x64.Build.0 = Release|x64
		{7D0E00E1-F8D2-4EB9-A213-057AAE8A55E4}.Release|x86.ActiveCfg = Release|Win32
		{7D0E00E1-F8D2-4EB9-A213-057AAE8A55E4}.Release|x86.Build.0 = Release|Win32
		{647AE265-B3C0-4E01-9E74-4C6297E0CF3F}.Debug|x64.ActiveCfg = Debug|x64
		{647AE265-B3C0-4E01-9E74-4C6297E0CF3F}.Debug|x64.Build.0 = Debug|x64
		{647AE265-B3C0-4E01-9E74-4C6297E0CF3F}.Debug|x86.ActiveCfg = Debug|Win32
		{647AE265-B3C0-4E01-9E74-4C6297E0CF3F}.Debug|x86.Build.0 = Debug|Win32
		{647AE265-B3C0-4E01-9E74-4C6297E0CF3F}.Release|x64.ActiveCfg = Release|x64
		{647AE265-B3C0-4E01-9E74-4C6297E0CF3F}.Release|x64.Build.0 = Release|x64
		{647AE265-B3C0-4E01-9E74-4C6297E0CF3F}.Release|x86.ActiveCfg = Release|Win32
		{647AE265-B3C0-4E01-9E74-4C6297E0CF3F}.Release|x86.Build.0 = Release|Win32
		{FCA39768-9EB1-48B7-8DF4-DB2A4DEE5476}.Debug|x64.ActiveCfg = Debug|x64
		{FCA39768-9EB1-48B7-8DF4-DB2A4DEE5476}.Debug|x64.Build.0 = Debug|x64
		{FCA39768-9EB1-48B7-8DF4-DB2A4DEE5476}.Debug|x86.ActiveCfg = Debug|Win32
		{FCA39768-9EB1-48B7-8DF4-DB2A4DEE5476}.Debug|x86.Build.0 = Debug|Win32
		{FCA39768-9EB1-48B7-8DF4-DB2A4DEE5476}.Release|x64.ActiveCfg = Release|x64
		{FCA39768-9EB1-48B7-8DF4-DB2A4DEE5476}.Release|x64.Build.0 = Release|x64
		{FCA39768-9EB1-48B7-8DF4-DB2A4DEE5476}.Release|x86.ActiveCfg = Release|Win32
		{FCA39768-9EB1-48B7-8DF4-DB2A4DEE5476}.Release|x86.Build.0 = Release|Win32
		{F5A0C21D-283E-4079-95BD-8138703C6963}.Debug|x64.ActiveCfg = Debug|x64
		{F5A0C21D-283E-4079-95BD-8138703C6963}.Debug|x64.Build.0 = Debug|x64
		{F5A0C21D-283E-4079-95BD-8138703C6963}.Debug|x86.ActiveCfg = Debug|Win32
		{F5A0C21D-283E-4079-95BD-8138703C6963}.Debug|x86.Build.0 = Debug|Win32
		{F5A0C21D-283E-4079-95BD-8138703C6963}.Release|x64.ActiveCfg = Release|x64
		{F5A0C21D-283E-4079-95BD-8138703C6963}.Release|x64.Build.0 = Release|x64
		{F5A0C21D-283E-4079-95BD-8138703C6963}.Release|x86.ActiveCfg = Release|Win32
		{F5A0C21D-283E-4079-95BD-8138703C6963}.Release|x86.Build.0 = Release|Win32
		{5457CB7E-2833-49A2-A09B-60E58D73C02B}.Debug|x64.ActiveCfg = Debug|x64
		{5457CB7E-2833-49A2-A09B-60E58D73C02B}.Debug|x64.Build.0 = Debug|x64
		{5457CB7E-2833-49A2-A09B-60E58D73C02B}.Debug|x86.ActiveCfg = Debug|Win32
		{5457CB7E-2833-49A2-A09B-60E58D73C02B}.Debug|x86.Build.0 = Debug|Win32
		{5457CB7E-2833-49A2-A09B-60E58D73C02B}.Release|x64.ActiveCfg = Release|x64
		{5457CB7E-2833-49A2-A09B-60E58D73C02B}.Release|x64.Build.0 = Release|x64
		{5457CB7E-2833-49A2-A09B-60E58D73C02B}.Release|x86.ActiveCfg = Release|Win32
		{5457CB7E-2833-49A2-A09B-60E58D73C02B}.Release|x86.Build.0 = Release|Win32
		{F4027748-A635-41A1-BA63-4886925A7A90}.Debug|x64.ActiveCfg = Debug|x64
		{F4027748-A635-41A1-BA63-4886925A7A90}.Debug|x64.Build.0 = Debug|x64
		{F4027748-A635-41A1-BA63-4886925A7A90}.Debug|x86.ActiveCfg = Debug|Win32
		{F4027748-A635-41A1-BA63-4886925A7A90}.Debug|x86.Build.0 = Debug|Win32
		{F4027748-A635-41A1-BA63-4886925A7A90}.Release|x64.ActiveCfg = Release|x64
		{F4027748-A635-41A1-BA63-4886925A7A90}.Release|x64.Build.0 = Release|x64
		{F4027748-A635-41A1-BA63-4886925A7A90}.Release|x86.ActiveCfg = Release|Win32
		{F4027748-A635-41A1-BA63-4886925A7A90}.Release|x86.Build.0 = Release|Win32
		{821D9039-6AAF-4865-AE68-9365577A6D90}.Debug|x64.ActiveCfg = Debug|x64
		{821D9039-6AAF-4865-AE68-9365577A6D90}.Debug|x64.Build.0 = Debug|x64
		{821D9039-6AAF-4865-AE68-9365577A6D90}.Debug|x86.ActiveCfg = Debug|Win32
		{821D9039-6AAF-4865-AE68-9365577A6D90}.Debug|x86.Build.0 = Debug|Win32
		{821D9039-6AAF-4865-AE68-9365577A6D90}.Release|x64.ActiveCfg = Release|x64
		{821D9039-6AAF-4865-AE68-9365577A6D90}.Release|x64.Build.0 = Release|x64
		{821D9039-6AAF-4865-AE68-9365577A6D90}.Release|x86.ActiveCfg = Release|Win32
		{821D9039-6AAF-4865-AE68-9365577A6D90}.Release|x86.Build.0 = Release|Win32
		{00667D75-529F-4888-A6E2-4F8B1B77F9D2}.Debug|x64.ActiveCfg = Debug|x64
		{00667D75-529F-4888-A6E2-4F8B1B77F9D2}.Debug|x64.Build.0 = Debug|x64
		{00667D75-529F-4888-A6E2-4F8B1B77F9D2}.Debug|x86.ActiveCfg = Debug|Win32
		{00667D75-529F-4888-A6E2-4F8B1B77F9D2}.Debug|x86.Build.0 = Debug|Win32
		{00667D75-529F-4888-A6E2-4F8B1B77F9D2}.Release|x64.ActiveCfg = Release|x64
		{00667D75-529F-4888-A6E2-4F8B1B77F9D2}.Release|x64.Build.0 = Release|x64
		{00667D75-529F-4888-A6E2-4F8B1B77F9D2}.Release|x86.ActiveCfg = Release|Win32
		{00667D75-529F-4888-A6E2-4F8B1B77F9D2}.Release|x86.Build.0 = Release|Win32
		{06539A58-8DCC-49AF-86B6-98B2045FF644}.Debug|x64.ActiveCfg = Debug|x64
		{06539A58-8DCC-49AF-86B6-98B2045FF644}.Debug|x64.Build.0 = Debug|x64
		{06539A58-8DCC-49AF-86B6-98B2045FF644}.Debug|x86.ActiveCfg = Debug|Win32
		{06539A58-8DCC-49AF-86B6-98B2045FF644}.Debug|x86.Build.0 = Debug|Win32
		{06539A58-8DCC-49AF-86B6-98B2045FF644}.Release|x64.ActiveCfg = Release|x64
		{06539A58-8DCC-49AF-86B6-98B2045FF644}.Release|x64.Build.0 = Release|x64
		{06539A58-8DCC-49AF-86B6-98B2045FF644}.Release|x86.ActiveCfg = Release|Win32
		{06539A58-8DCC-49AF-86B6-98B2045FF644}.Release|x86.Build.0 = Release|Win32
		{61C91E31-7A91-4074-9516-8C1985D79097}.Debug|x64.ActiveCfg = Debug|x64
		{61C91E31-7A91-4074-9516-8C1985D79097}.Debug|x64.Build.0 = Debug|x64
		{61C91E31-7A91-4074-9516-8C1985D79097}.Debug|x86.ActiveCfg = Debug|Win32
		{61C91E31-7A91-4074-9516-8C1985D79097}.Debug|x86.Build.0 = Debug|Win32
		{61C91E31-7A91-4074-9516-8C1985D79097}.Release|x64.ActiveCfg = Release|x64
		{61C91E31-7A91-4074-9516-8C1985D79097}.Release|x64.Build.0 = Release|x64
		{61C91E31-7A91-4074-9516-8C1985D79097}.Release|x86.ActiveCfg = Release|Win32
		{61C91E31-7A91-4074-9516-8C1985D79097}.Release|x86.Build.0 = Release|Win32
		{3BF46C1D-F6C5-4CD7-BD83-D79055C0CB96}.Debug|x64.ActiveCfg = Debug|x64
		{3BF46C1D-F6C5-4CD7-BD83-D79055C0CB96}.Debug|x64.Build.0 = Debug|x64
		{3BF46C1D-F6C5-4CD7-BD83-D79055C0CB96}.Debug|x86.ActiveCfg = Debug|Win32
		{3BF46C1D-F6C5-4CD7-BD83-D79055C0CB96}.Debug|x86.Build.0 = Debug|Win32
		{3BF46C1D-F6C5-4CD7-BD83-D79055C0CB96}.Release|x64.ActiveCfg = Release|x64
		{3BF46C1D-F6C5-4CD7-BD83-D79055C0CB96}.Release|x64.Build.0 = Release|x64
		{3BF46C1D-F6C5-4CD7-BD83-D79055C0CB96}.Release|x86.ActiveCfg = Release|Win32
		{3BF46C1D-F6C5-4CD7-BD83-D79055C0CB96}.Release|x86.Build.0 = Release|Win32
		{92696E1C-07E5-4C3E-9B82-9DC728629971}.Debug|x64.ActiveCfg = Debug|x64
		{92696E1C-07E5-4C3E-9B82-9DC728629971}.Debug|x64.Build.0 = Debug|x64
		{92696E1C-07E5-4C3E-9B82-9DC728629971}.Debug|x86.ActiveCfg = Debug|Win32
		{92696E1C-07E5-4C3E-9B82-9DC728629971}.Debug|x86.Build.0 = Debug|Win32
		{92696E1C-07E5-4C3E-9B82-9DC728629971}.Release|x64.ActiveCfg = Release|x64
		{92696E1C-07E5-4C3E-9B82-9DC728629971}.Release|x64.Build.0 = Release|x64
		{92696E1C-07E5-4C3E-9B82-9DC728629971}.Release|x86.ActiveCfg = Release|Win32
		{92696E1C-07E5-4C3E-9B82-9DC728629971}.Release|x86.Build.0 = Release|Win32
		{36DFAD6A-75B2-4089-A25E-D4C2ACFCEEEC}.Debug|x64.ActiveCfg = Debug|x64
		{36DFAD6A-75B2-4089-A25E-D4C2ACFCEEEC}.Debug|x64.Build.0 = Debug|x64
		{36DFAD6A-75B2-4089-A25E-D4C2ACFCEEEC}.Debug|x86.ActiveCfg = Debug|Win32
		{36DFAD6A-75B2-4089-A25E-D4C2ACFCEEEC}.Debug|x86.Build.0 = Debug|Win32
		{36DFAD6A-75B2-4089-A25E-D4C2ACFCEEEC}.Release|x64.ActiveCfg = Release|x64
		{36DFAD6A-75B2-4089-A25E-D4C2ACFCEEEC}.Release|x64.Build.0 = Release|x64
		{36DFAD6A-75B2-4089-A25E-D4C2ACFCEEEC}.Release|x86.ActiveCfg = Release|Win32
		{36DFAD6A-75B2-4089-A25E-D4C2ACFCEEEC}.Release|x86.Build.0 = Release|Win32
	EndGlobalSection
	GlobalSection(SolutionProperties) = preSolution
		HideSolutionNode = FALSE
	EndGlobalSection
	GlobalSection(ExtensibilityGlobals) = postSolution
		SolutionGuid = {03984253-FE63-42DD-B035-62B3F2A6E1AF}
	EndGlobalSection
EndGlobal
